{
    "name": "transform",
    "lockfileVersion": 3,
    "requires": true,
    "packages": {
        "": {
            "dependencies": {
                "@rgrove/parse-xml": "^4.2.0"
            }
        },
        "node_modules/@rgrove/parse-xml": {
            "version": "4.2.0",
            "resolved": "https://registry.npmjs.org/@rgrove/parse-xml/-/parse-xml-4.2.0.tgz",
            "integrity": "sha512-UuBOt7BOsKVOkFXRe4Ypd/lADuNIfqJXv8GvHqtXaTYXPPKkj2nS2zPllVsrtRjcomDhIJVBnZwfmlI222WH8g==",
            "license": "ISC",
            "engines": {
                "node": ">=14.0.0"
            }
        }
    }
}
